
Microsoft Visual Studio Solution File, Format Version 12.00
# Visual Studio Version 16
VisualStudioVersion = 16.0.28803.202
MinimumVisualStudioVersion = 10.0.40219.1
Project("{FAE04EC0-301F-11D3-BF4B-00C04F79EFBC}") = "ArchieB", "ArchieB.csproj", "{E6CB8294-1D10-4023-910C-49FEF37F145C}"
EndProject
Global
	GlobalSection(SolutionConfigurationPlatforms) = preSolution
		Debug|Any CPU = Debug|Any CPU
		Release|Any CPU = Release|Any CPU
	EndGlobalSection
	GlobalSection(ProjectConfigurationPlatforms) = postSolution
		{E6CB8294-1D10-4023-910C-49FEF37F145C}.Debug|Any CPU.ActiveCfg = Debug|Any CPU
		{E6CB8294-1D10-4023-910C-49FEF37F145C}.Debug|Any CPU.Build.0 = Debug|Any CPU
		{E6CB8294-1D10-4023-910C-49FEF37F145C}.Release|Any CPU.ActiveCfg = Release|Any CPU
		{E6CB8294-1D10-4023-910C-49FEF37F145C}.Release|Any CPU.Build.0 = Release|Any CPU
	EndGlobalSection
	GlobalSection(SolutionProperties) = preSolution
		HideSolutionNode = FALSE
	EndGlobalSection
	GlobalSection(ExtensibilityGlobals) = postSolution
		SolutionGuid = {8C7D2CE0-A4AA-4F70-9D94-0531C5DF2592}
	EndGlobalSection
EndGlobal
