
Microsoft Visual Studio Solution File, Format Version 12.00
# Visual Studio Version 17
VisualStudioVersion = 17.0.31717.71
MinimumVisualStudioVersion = 10.0.40219.1
Project("{FAE04EC0-301F-11D3-BF4B-00C04F79EFBC}") = "ArchieB", "ArchieB.csproj", "{E6CB8294-1D10-4023-910C-49FEF37F145C}"
EndProject
Project("{2150E333-8FDC-42A3-9474-1A3956D46DE8}") = "Solution Items", "Solution Items", "{D453CF8D-0BAD-47EA-95E3-5BF36FB4FD50}"
	ProjectSection(SolutionItems) = preProject
		archieB.conf = archieB.conf
		archieB_Example24Core.conf = archieB_Example24Core.conf
		archieB_Example24Core_TKL.conf = archieB_Example24Core_TKL.conf
		archieB_Example8Core.conf = archieB_Example8Core.conf
	EndProjectSection
EndProject
Global
	GlobalSection(SolutionConfigurationPlatforms) = preSolution
		Debug|Any CPU = Debug|Any CPU
		Release|Any CPU = Release|Any CPU
	EndGlobalSection
	GlobalSection(ProjectConfigurationPlatforms) = postSolution
		{E6CB8294-1D10-4023-910C-49FEF37F145C}.Debug|Any CPU.ActiveCfg = Debug|Any CPU
		{E6CB8294-1D10-4023-910C-49FEF37F145C}.Debug|Any CPU.Build.0 = Debug|Any CPU
		{E6CB8294-1D10-4023-910C-49FEF37F145C}.Release|Any CPU.ActiveCfg = Release|Any CPU
		{E6CB8294-1D10-4023-910C-49FEF37F145C}.Release|Any CPU.Build.0 = Release|Any CPU
	EndGlobalSection
	GlobalSection(SolutionProperties) = preSolution
		HideSolutionNode = FALSE
	EndGlobalSection
	GlobalSection(ExtensibilityGlobals) = postSolution
		SolutionGuid = {8C7D2CE0-A4AA-4F70-9D94-0531C5DF2592}
	EndGlobalSection
EndGlobal
